{
  "requires": true,
  "lockfileVersion": 1,
  "dependencies": {
    "@vant/weapp": {
      "version": "1.0.0",
      "resolved": "https://registry.npmjs.org/@vant/weapp/-/weapp-1.0.0.tgz",
      "integrity": "sha512-VwnXnnI7aqi4RFPKYB17OR6+31ahuVadzJim2V8DTdh8xXRLgkAJWXEGjWnTP0BDZYbgCMBgXRnHYrsxoERH7g=="
    },
    "dokit-miniapp": {
      "version": "0.0.1",
      "resolved": "https://registry.npmjs.org/dokit-miniapp/-/dokit-miniapp-0.0.1.tgz",
      "integrity": "sha512-Tu8p5OFXRUdyV0N2RoQik9fnqsf6NnEdLBc27V5A87Su+jgDou4WGRIs6K40jFX1H3rL9L7cJZ2IoFiR0U4yuw==",
      "dev": true
    }
  }
}
