# THIS IS AN AUTOGENERATED FILE. DO NOT EDIT THIS FILE DIRECTLY.
# yarn lockfile v1


"@vant/weapp@^1.0.0-beta.4":
  version "1.0.0-beta.4"
  resolved "https://registry.yarnpkg.com/@vant/weapp/-/weapp-1.0.0-beta.4.tgz#b92c09ee4999ecbbbd03cb41fb5b618cfafc7744"
  integrity sha512-gYWv3BV12y2Lo8TbKy6BptsON1SvRsMuNpLD7ZhrbQI2OZMIVFt/usDEq30+Q14J9vb4CiBYERQMla4X/WV5Ug==
